
Microsoft Visual Studio Solution File, Format Version 12.00
# Visual Studio Version 16
VisualStudioVersion = 16.0.30804.86
MinimumVisualStudioVersion = 10.0.40219.1
Project("{FAE04EC0-301F-11D3-BF4B-00C04F79EFBC}") = "PetrovLabWpf17", "PetrovLabWpf17\PetrovLabWpf17.csproj", "{A8D4E61A-6856-44B5-9F14-0B89261EB57C}"
EndProject
Global
	GlobalSection(SolutionConfigurationPlatforms) = preSolution
		Debug|Any CPU = Debug|Any CPU
		Release|Any CPU = Release|Any CPU
	EndGlobalSection
	GlobalSection(ProjectConfigurationPlatforms) = postSolution
		{A8D4E61A-6856-44B5-9F14-0B89261EB57C}.Debug|Any CPU.ActiveCfg = Debug|Any CPU
		{A8D4E61A-6856-44B5-9F14-0B89261EB57C}.Debug|Any CPU.Build.0 = Debug|Any CPU
		{A8D4E61A-6856-44B5-9F14-0B89261EB57C}.Release|Any CPU.ActiveCfg = Release|Any CPU
		{A8D4E61A-6856-44B5-9F14-0B89261EB57C}.Release|Any CPU.Build.0 = Release|Any CPU
	EndGlobalSection
	GlobalSection(SolutionProperties) = preSolution
		HideSolutionNode = FALSE
	EndGlobalSection
	GlobalSection(ExtensibilityGlobals) = postSolution
		SolutionGuid = {8B3EF8DE-F752-4B55-AA88-5C3F98892778}
	EndGlobalSection
EndGlobal
